{
  "version": 4,
  "terraform_version": "1.6.6",
  "serial": 3,
  "lineage": "2cbd47a8-a920-cec0-e061-397ea3fecbdd",
  "outputs": {},
  "resources": [
    {
      "mode": "managed",
      "type": "local_file",
      "name": "first",
      "provider": "provider[\"registry.terraform.io/hashicorp/local\"]",
      "instances": [
        {
          "schema_version": 0,
          "attributes": {
            "content": "This is my First Terraform file!",
            "content_base64": null,
            "content_base64sha256": "z3xXXIXikhDJl2sYOB8iaHgJBr6IfiiqVKCxKtybecE=",
            "content_base64sha512": "kW7EXs6aq8QB83Kyh4NZO1lK/jJ1bB9KKZiBrhcE2BXKsVqSLfTY9mFUsrVC40zF6XHRKPKNQ8/rQo3vo+s/mA==",
            "content_md5": "00bccb8f7dca3e58608417a515b536c0",
            "content_sha1": "411c3fb07efc754824e7f608386b8743ecc7f847",
            "content_sha256": "cf7c575c85e29210c9976b18381f2268780906be887e28aa54a0b12adc9b79c1",
            "content_sha512": "916ec45ece9aabc401f372b28783593b594afe32756c1f4a299881ae1704d815cab15a922df4d8f66154b2b542e34cc5e971d128f28d43cfeb428defa3eb3f98",
            "directory_permission": "0777",
            "file_permission": "0777",
            "filename": "./first.txt",
            "id": "411c3fb07efc754824e7f608386b8743ecc7f847",
            "sensitive_content": null,
            "source": null
          },
          "sensitive_attributes": []
        }
      ]
    },
    {
      "mode": "managed",
      "type": "local_file",
      "name": "sensitive_file",
      "provider": "provider[\"registry.terraform.io/hashicorp/local\"]",
      "instances": [
        {
          "schema_version": 0,
          "attributes": {
            "content": "Secret Information Here",
            "content_base64": null,
            "content_base64sha256": "awOmjtdyQ1YxBL/lZHoGDAAnRVFA9xH+Cr+rcC2Iy+k=",
            "content_base64sha512": "UfaUGcn2CZ+gNnElyedogRjdGQizFfZo8mefvhSRNvwZiyvWLAmi9L9AEBuLqymTdj2qhVQL1MoxceuiE79U8Q==",
            "content_md5": "f66204633e17e4ae034f0d277a774ffa",
            "content_sha1": "681e990240f68c82814103fd4994ee8bf97b47c8",
            "content_sha256": "6b03a68ed77243563104bfe5647a060c0027455140f711fe0abfab702d88cbe9",
            "content_sha512": "51f69419c9f6099fa0367125c9e7688118dd1908b315f668f2679fbe149136fc198b2bd62c09a2f4bf40101b8bab2993763daa85540bd4ca3171eba213bf54f1",
            "directory_permission": "0777",
            "file_permission": "0777",
            "filename": "./sensitive.txt",
            "id": "681e990240f68c82814103fd4994ee8bf97b47c8",
            "sensitive_content": null,
            "source": null
          },
          "sensitive_attributes": [
            [
              {
                "type": "get_attr",
                "value": "content"
              }
            ]
          ]
        }
      ]
    }
  ],
  "check_results": null
}
