{
  "version": 4,
  "terraform_version": "1.6.6",
  "serial": 1,
  "lineage": "2cbd47a8-a920-cec0-e061-397ea3fecbdd",
  "outputs": {},
  "resources": [
    {
      "mode": "managed",
      "type": "local_file",
      "name": "first",
      "provider": "provider[\"registry.terraform.io/hashicorp/local\"]",
      "instances": [
        {
          "schema_version": 0,
          "attributes": {
            "content": "This is my First Terraform file!",
            "content_base64": null,
            "content_base64sha256": "z3xXXIXikhDJl2sYOB8iaHgJBr6IfiiqVKCxKtybecE=",
            "content_base64sha512": "kW7EXs6aq8QB83Kyh4NZO1lK/jJ1bB9KKZiBrhcE2BXKsVqSLfTY9mFUsrVC40zF6XHRKPKNQ8/rQo3vo+s/mA==",
            "content_md5": "00bccb8f7dca3e58608417a515b536c0",
            "content_sha1": "411c3fb07efc754824e7f608386b8743ecc7f847",
            "content_sha256": "cf7c575c85e29210c9976b18381f2268780906be887e28aa54a0b12adc9b79c1",
            "content_sha512": "916ec45ece9aabc401f372b28783593b594afe32756c1f4a299881ae1704d815cab15a922df4d8f66154b2b542e34cc5e971d128f28d43cfeb428defa3eb3f98",
            "directory_permission": "0777",
            "file_permission": "0777",
            "filename": "./first.txt",
            "id": "411c3fb07efc754824e7f608386b8743ecc7f847",
            "sensitive_content": null,
            "source": null
          },
          "sensitive_attributes": []
        }
      ]
    }
  ],
  "check_results": null
}
